
Microsoft Visual Studio Solution File, Format Version 12.00
# Visual Studio Version 17
VisualStudioVersion = 17.9.34701.34
MinimumVisualStudioVersion = 10.0.40219.1
Project("{FAE04EC0-301F-11D3-BF4B-00C04F79EFBC}") = "WeatherApp", "WeatherApp.csproj", "{8B6752DC-5451-45D4-A514-5CA9684A863E}"
EndProject
Global
	GlobalSection(SolutionConfigurationPlatforms) = preSolution
		Debug|Any CPU = Debug|Any CPU
		Release|Any CPU = Release|Any CPU
	EndGlobalSection
	GlobalSection(ProjectConfigurationPlatforms) = postSolution
		{8B6752DC-5451-45D4-A514-5CA9684A863E}.Debug|Any CPU.ActiveCfg = Debug|Any CPU
		{8B6752DC-5451-45D4-A514-5CA9684A863E}.Debug|Any CPU.Build.0 = Debug|Any CPU
		{8B6752DC-5451-45D4-A514-5CA9684A863E}.Release|Any CPU.ActiveCfg = Release|Any CPU
		{8B6752DC-5451-45D4-A514-5CA9684A863E}.Release|Any CPU.Build.0 = Release|Any CPU
	EndGlobalSection
	GlobalSection(SolutionProperties) = preSolution
		HideSolutionNode = FALSE
	EndGlobalSection
	GlobalSection(ExtensibilityGlobals) = postSolution
		SolutionGuid = {272D76F1-F743-4635-AB13-63EF5EF94782}
	EndGlobalSection
EndGlobal
